
Microsoft Visual Studio Solution File, Format Version 12.00
# Visual Studio 2015
Project("{FAE04EC0-301F-11D3-BF4B-00C04F79EFBC}") = "HungryDyno.CSharp", "HungryDyno.CSharp.csproj", "{484C14B5-70A9-268A-D142-96ACAB09750B}"
EndProject
Global
	GlobalSection(SolutionConfigurationPlatforms) = preSolution
		Debug|Any CPU = Debug|Any CPU
		Release|Any CPU = Release|Any CPU
	EndGlobalSection
	GlobalSection(ProjectConfigurationPlatforms) = postSolution
		{484C14B5-70A9-268A-D142-96ACAB09750B}.Debug|Any CPU.ActiveCfg = Debug|Any CPU
		{484C14B5-70A9-268A-D142-96ACAB09750B}.Debug|Any CPU.Build.0 = Debug|Any CPU
		{484C14B5-70A9-268A-D142-96ACAB09750B}.Release|Any CPU.ActiveCfg = Release|Any CPU
		{484C14B5-70A9-268A-D142-96ACAB09750B}.Release|Any CPU.Build.0 = Release|Any CPU
	EndGlobalSection
	GlobalSection(SolutionProperties) = preSolution
		HideSolutionNode = FALSE
	EndGlobalSection
EndGlobal
